Microsoft Visual Studio Solution File, Format Version 12.00
# Visual Studio Version 17
VisualStudioVersion = 17.5.2.0
MinimumVisualStudioVersion = 10.0.40219.1
Project("{FAE04EC0-301F-11D3-BF4B-00C04F79EFBC}") = "tsw6-realtime-weather", "tsw6-realtime-weather.csproj", "{4D5BD40C-5C19-EFB3-98A4-C385FBBC619D}"
EndProject
Global
	GlobalSection(SolutionConfigurationPlatforms) = preSolution
		Debug|Any CPU = Debug|Any CPU
		Release|Any CPU = Release|Any CPU
	EndGlobalSection
	GlobalSection(ProjectConfigurationPlatforms) = postSolution
		{4D5BD40C-5C19-EFB3-98A4-C385FBBC619D}.Debug|Any CPU.ActiveCfg = Debug|Any CPU
		{4D5BD40C-5C19-EFB3-98A4-C385FBBC619D}.Debug|Any CPU.Build.0 = Debug|Any CPU
		{4D5BD40C-5C19-EFB3-98A4-C385FBBC619D}.Release|Any CPU.ActiveCfg = Release|Any CPU
		{4D5BD40C-5C19-EFB3-98A4-C385FBBC619D}.Release|Any CPU.Build.0 = Release|Any CPU
	EndGlobalSection
	GlobalSection(SolutionProperties) = preSolution
		HideSolutionNode = FALSE
	EndGlobalSection
	GlobalSection(ExtensibilityGlobals) = postSolution
		SolutionGuid = {A049674B-C66C-446E-9727-4FD43C3D34E3}
	EndGlobalSection
EndGlobal
